
Microsoft Visual Studio Solution File, Format Version 12.00
# Visual Studio Version 17
VisualStudioVersion = 17.12.35707.178
MinimumVisualStudioVersion = 10.0.40219.1
Project("{FAE04EC0-301F-11D3-BF4B-00C04F79EFBC}") = "GolfShop", "GolfShop\GolfShop.csproj", "{BE658491-C023-418D-AC9D-930E1FD1BA13}"
EndProject
Project("{FAE04EC0-301F-11D3-BF4B-00C04F79EFBC}") = "Domain", "Domain\Domain.csproj", "{08ADFCFE-AAB1-4E8E-8DFB-D3DBF4A13A3B}"
EndProject
Project("{FAE04EC0-301F-11D3-BF4B-00C04F79EFBC}") = "Infrastructure", "Infrastructure\Infrastructure.csproj", "{67521B1B-9353-4B93-B0B6-B5053A909F3D}"
EndProject
Project("{FAE04EC0-301F-11D3-BF4B-00C04F79EFBC}") = "Service", "Service\Service.csproj", "{21F6CFEC-910B-43B3-ACCF-EF5318BBEDF7}"
EndProject
Project("{FAE04EC0-301F-11D3-BF4B-00C04F79EFBC}") = "SeedingDb", "SeedingDb\SeedingDb.csproj", "{8931DBD0-EADD-43CD-96A0-DDA9B76D9E2A}"
EndProject
Global
	GlobalSection(SolutionConfigurationPlatforms) = preSolution
		Debug|Any CPU = Debug|Any CPU
		Release|Any CPU = Release|Any CPU
	EndGlobalSection
	GlobalSection(ProjectConfigurationPlatforms) = postSolution
		{BE658491-C023-418D-AC9D-930E1FD1BA13}.Debug|Any CPU.ActiveCfg = Debug|Any CPU
		{BE658491-C023-418D-AC9D-930E1FD1BA13}.Debug|Any CPU.Build.0 = Debug|Any CPU
		{BE658491-C023-418D-AC9D-930E1FD1BA13}.Release|Any CPU.ActiveCfg = Release|Any CPU
		{BE658491-C023-418D-AC9D-930E1FD1BA13}.Release|Any CPU.Build.0 = Release|Any CPU
		{08ADFCFE-AAB1-4E8E-8DFB-D3DBF4A13A3B}.Debug|Any CPU.ActiveCfg = Debug|Any CPU
		{08ADFCFE-AAB1-4E8E-8DFB-D3DBF4A13A3B}.Debug|Any CPU.Build.0 = Debug|Any CPU
		{08ADFCFE-AAB1-4E8E-8DFB-D3DBF4A13A3B}.Release|Any CPU.ActiveCfg = Release|Any CPU
		{08ADFCFE-AAB1-4E8E-8DFB-D3DBF4A13A3B}.Release|Any CPU.Build.0 = Release|Any CPU
		{67521B1B-9353-4B93-B0B6-B5053A909F3D}.Debug|Any CPU.ActiveCfg = Debug|Any CPU
		{67521B1B-9353-4B93-B0B6-B5053A909F3D}.Debug|Any CPU.Build.0 = Debug|Any CPU
		{67521B1B-9353-4B93-B0B6-B5053A909F3D}.Release|Any CPU.ActiveCfg = Release|Any CPU
		{67521B1B-9353-4B93-B0B6-B5053A909F3D}.Release|Any CPU.Build.0 = Release|Any CPU
		{21F6CFEC-910B-43B3-ACCF-EF5318BBEDF7}.Debug|Any CPU.ActiveCfg = Debug|Any CPU
		{21F6CFEC-910B-43B3-ACCF-EF5318BBEDF7}.Debug|Any CPU.Build.0 = Debug|Any CPU
		{21F6CFEC-910B-43B3-ACCF-EF5318BBEDF7}.Release|Any CPU.ActiveCfg = Release|Any CPU
		{21F6CFEC-910B-43B3-ACCF-EF5318BBEDF7}.Release|Any CPU.Build.0 = Release|Any CPU
		{8931DBD0-EADD-43CD-96A0-DDA9B76D9E2A}.Debug|Any CPU.ActiveCfg = Debug|Any CPU
		{8931DBD0-EADD-43CD-96A0-DDA9B76D9E2A}.Debug|Any CPU.Build.0 = Debug|Any CPU
		{8931DBD0-EADD-43CD-96A0-DDA9B76D9E2A}.Release|Any CPU.ActiveCfg = Release|Any CPU
		{8931DBD0-EADD-43CD-96A0-DDA9B76D9E2A}.Release|Any CPU.Build.0 = Release|Any CPU
	EndGlobalSection
	GlobalSection(SolutionProperties) = preSolution
		HideSolutionNode = FALSE
	EndGlobalSection
EndGlobal
